lockfileVersion: '6.0'

settings:
  autoInstallPeers: true
  excludeLinksFromLockfile: false

devDependencies:
  prettier:
    specifier: ^3.2.5
    version: 3.2.5
  zx:
    specifier: ^8.0.0
    version: 8.0.0

packages:

  /@types/fs-extra@11.0.4:
    resolution: {integrity: sha512-yTbItCNreRooED33qjunPthRcSjERP1r4MqCZc7wv0u2sUkzTFp45tgUfS5+r7FrZPdmCCNflLhVSP/o+SemsQ==}
    requiresBuild: true
    dependencies:
      '@types/jsonfile': 6.1.4
      '@types/node': 20.12.5
    dev: true
    optional: true

  /@types/jsonfile@6.1.4:
    resolution: {integrity: sha512-D5qGUYwjvnNNextdU59/+fI+spnwtTFmyQP0h+PfIOSkNfpU6AOICUOkm4i0OnSk+NyjdPJrxCDro0sJsWlRpQ==}
    requiresBuild: true
    dependencies:
      '@types/node': 20.12.5
    dev: true
    optional: true

  /@types/node@20.12.5:
    resolution: {integrity: sha512-BD+BjQ9LS/D8ST9p5uqBxghlN+S42iuNxjsUGjeZobe/ciXzk2qb1B6IXc6AnRLS+yFJRpN2IPEHMzwspfDJNw==}
    requiresBuild: true
    dependencies:
      undici-types: 5.26.5
    dev: true
    optional: true

  /prettier@3.2.5:
    resolution: {integrity: sha512-3/GWa9aOC0YeD7LUfvOG2NiDyhOWRvt1k+rcKhOuYnMY24iiCphgneUfJDyFXd6rZCAnuLBv6UeAULtrhT/F4A==}
    engines: {node: '>=14'}
    hasBin: true
    dev: true

  /undici-types@5.26.5:
    resolution: {integrity: sha512-JlCMO+ehdEIKqlFxk6IfVoAUVmgz7cU7zD/h9XZ0qzeosSHmUJVOzSQvvYSYWXkFXC+IfLKSIffhv0sVZup6pA==}
    requiresBuild: true
    dev: true
    optional: true

  /zx@8.0.0:
    resolution: {integrity: sha512-td4Irxh+i+O8waolUHZyHLSMFALMBWTNVKBk1q5NsvP1vxRqj9JJRGPh6YjKZUTbZZ8uGD1mQLyU9mDr40wR6w==}
    engines: {node: '>= 16.0.0'}
    hasBin: true
    optionalDependencies:
      '@types/fs-extra': 11.0.4
      '@types/node': 20.12.5
    dev: true
